# THIS IS AN AUTOGENERATED FILE. DO NOT EDIT THIS FILE DIRECTLY.
# yarn lockfile v1


"@fortawesome/fontawesome-free@^5.0.0":
  "integrity" "sha512-eYm8vijH/hpzr/6/1CJ/V/Eb1xQFW2nnUKArb3z+yUWv7HTwj6M7SP957oMjfZjAHU6qpoNc2wQvIxBLWYa/Jg=="
  "resolved" "https://registry.npmjs.org/@fortawesome/fontawesome-free/-/fontawesome-free-5.15.4.tgz"
  "version" "5.15.4"

"@google/markerclustererplus@^5.1.0":
  "integrity" "sha512-2wQGO6GGbKPC2tNmTz8ei1zBa64zV3QBBvgLHiPvYqUA63230qNqfQpN+nzsrl1RM40NJtty4Y1CEQKxq6MBGg=="
  "resolved" "https://registry.npmjs.org/@google/markerclustererplus/-/markerclustererplus-5.1.3.tgz"
  "version" "5.1.3"

"@mdi/font@^4.5.95":
  "integrity" "sha512-m2sbAs+SMwRnWpkMriBxEulwuhmqRyh6X+hdOZlqSxYZUM2C2TaDnQ4gcilzdoAgru2XYnWViZ/xPuSDGgRXVw=="
  "resolved" "https://registry.npmjs.org/@mdi/font/-/font-4.9.95.tgz"
  "version" "4.9.95"

"@rails/actioncable@^6.0.0":
  "integrity" "sha512-F6S74NGpxhbbDRFsQFGYqefRfZPgYvePNtz9hHKYOqLturrsqrDoG+UcrxEGHsvqDUorMYfx4Wl3K8smmk/u2g=="
  "resolved" "https://registry.npmjs.org/@rails/actioncable/-/actioncable-6.1.7.tgz"
  "version" "6.1.7"

"@rails/activestorage@^6.0.0-alpha":
  "integrity" "sha512-h++k8LBLns4O8AqzdaFp1TsCLP9VSc2hgWI37bjzJ+4D995X7Rd8kdkRmXRaNAUlHDJgy6RpnbhBJ5oiIgWTDw=="
  "resolved" "https://registry.npmjs.org/@rails/activestorage/-/activestorage-6.1.7.tgz"
  "version" "6.1.7"
  dependencies:
    "spark-md5" "^3.0.0"

"@xpack-dev-tools/gcc@^13.2.0-1.1":
  "integrity" "sha512-aPH/gi+oydYVxgR2TD+3JUYdRBMhPz90S8DwTDnJ7G7c9a+k3e/loFBvhaPQtlVZW4EV+3CPXi+jfuVo5sOuLg=="
  "resolved" "https://registry.npmjs.org/@xpack-dev-tools/gcc/-/gcc-13.2.0-1.1.tgz"
  "version" "13.2.0-1.1"

"awesome-phonenumber@2.15.0":
  "integrity" "sha512-uITV2+GYT7jAQvi9cSyelbrtRWMOZm63A0+oIdTbYdIx/ipJrjVazLXSQu51uuJjhQFrHn/TW8/G5+iXAc58BA=="
  "resolved" "https://registry.npmjs.org/awesome-phonenumber/-/awesome-phonenumber-2.15.0.tgz"
  "version" "2.15.0"

"babel-runtime@^6.26.0":
  "integrity" "sha512-ITKNuq2wKlW1fJg9sSW52eepoYgZBggvOAHC0u/CYu/qxQ9EVzThCgR69BnSXLHjy2f7SY5zaQ4yt7H9ZVxY2g=="
  "resolved" "https://registry.npmjs.org/babel-runtime/-/babel-runtime-6.26.0.tgz"
  "version" "6.26.0"
  dependencies:
    "core-js" "^2.4.0"
    "regenerator-runtime" "^0.11.0"

"banner@^0.0.5":
  "integrity" "sha512-epKmKRTuO1yGoc1LJ89L7kZcEkELd2IMoTBGUSSQ+B3PgKBHa6VzRE/FYRtWJSuaqjsSpE7AFeSUXA/mhoYNSQ=="
  "resolved" "https://registry.npmjs.org/banner/-/banner-0.0.5.tgz"
  "version" "0.0.5"

"call-bind@^1.0.2":
  "integrity" "sha512-7O+FbCihrB5WGbFYesctwmTKae6rOiIzmz1icreWJ+0aA7LJfuqhEso2T9ncpcFtzMQtzXf2QGGueWJGTYsqrA=="
  "resolved" "https://registry.npmjs.org/call-bind/-/call-bind-1.0.2.tgz"
  "version" "1.0.2"
  dependencies:
    "function-bind" "^1.1.1"
    "get-intrinsic" "^1.0.2"

"chart.js@^2.4.0", "chart.js@^2.8.0":
  "integrity" "sha512-B07aAzxcrikjAPyV+01j7BmOpxtQETxTSlQ26BEYJ+3iUkbNKaOJ/nDbT6JjyqYxseM0ON12COHYdU2cTIjC7A=="
  "resolved" "https://registry.npmjs.org/chart.js/-/chart.js-2.9.4.tgz"
  "version" "2.9.4"
  dependencies:
    "chartjs-color" "^2.1.0"
    "moment" "^2.10.2"

"chartjs-color-string@^0.6.0":
  "integrity" "sha512-TIB5OKn1hPJvO7JcteW4WY/63v6KwEdt6udfnDE9iCAZgy+V4SrbSxoIbTw/xkUIapjEI4ExGtD0+6D3KyFd7A=="
  "resolved" "https://registry.npmjs.org/chartjs-color-string/-/chartjs-color-string-0.6.0.tgz"
  "version" "0.6.0"
  dependencies:
    "color-name" "^1.0.0"

"chartjs-color@^2.1.0":
  "integrity" "sha512-haqOg1+Yebys/Ts/9bLo/BqUcONQOdr/hoEr2LLTRl6C5LXctUdHxsCYfvQVg5JIxITrfCNUDr4ntqmQk9+/0w=="
  "resolved" "https://registry.npmjs.org/chartjs-color/-/chartjs-color-2.4.1.tgz"
  "version" "2.4.1"
  dependencies:
    "chartjs-color-string" "^0.6.0"
    "color-convert" "^1.9.3"

"chartjs-plugin-annotation@^0.5.7":
  "integrity" "sha512-tKN5KLc69unyZGTvSdhVQEyAOhVNnSkFCCgefZhO4UaqFfABZGFU/d9p6WM2KB0eXFs/rR3Jayh7dvyASC7K0A=="
  "resolved" "https://registry.npmjs.org/chartjs-plugin-annotation/-/chartjs-plugin-annotation-0.5.7.tgz"
  "version" "0.5.7"
  dependencies:
    "chart.js" "^2.4.0"

"chartkick@^3.2.0":
  "integrity" "sha512-zV0kUeZNqrX28AmPt10QEDXHKadbVFOTAFkCMyJifHzGFkKzGCDXxVR8orZ0fC1HbePzRn5w6kLCOVxDQbMUCg=="
  "resolved" "https://registry.npmjs.org/chartkick/-/chartkick-3.2.1.tgz"
  "version" "3.2.1"

"clone@^2.1.1":
  "integrity" "sha512-3Pe/CF1Nn94hyhIYpjtiLhdCoEoz0DqQ+988E9gmeEdQZlojxnOb74wctFyuwWQHzqyf9X7C7MG8juUpqBJT8w=="
  "resolved" "https://registry.npmjs.org/clone/-/clone-2.1.2.tgz"
  "version" "2.1.2"

"color-convert@^1.9.3":
  "integrity" "sha512-QfAUtd+vFdAtFQcC8CCyYt1fYWxSqAiK2cSD6zDB8N3cpsEBAvRxp9zOGg6G/SHHJYAT88/az/IuDGALsNVbGg=="
  "resolved" "https://registry.npmjs.org/color-convert/-/color-convert-1.9.3.tgz"
  "version" "1.9.3"
  dependencies:
    "color-name" "1.1.3"

"color-name@^1.0.0":
  "integrity" "sha512-dOy+3AuW3a2wNbZHIuMZpTcgjGuLU/uBL/ubcZF9OXbDo8ff4O8yVp5Bf0efS8uEoYo5q4Fx7dY9OgQGXgAsQA=="
  "resolved" "https://registry.npmjs.org/color-name/-/color-name-1.1.4.tgz"
  "version" "1.1.4"

"color-name@1.1.3":
  "integrity" "sha512-72fSenhMw2HZMTVHeCA9KCmpEIbzWiQsjN+BHcBbS9vr1mtt+vJjPdksIBNUmKAW8TFUDPJK5SUU3QhE9NEXDw=="
  "resolved" "https://registry.npmjs.org/color-name/-/color-name-1.1.3.tgz"
  "version" "1.1.3"

"core-js@^2.4.0":
  "integrity" "sha512-Kb2wC0fvsWfQrgk8HU5lW6U/Lcs8+9aaYcy4ZFc6DDlo4nZ7n70dEgE5rtR0oG6ufKDUnrwfWL1mXR5ljDatrQ=="
  "resolved" "https://registry.npmjs.org/core-js/-/core-js-2.6.12.tgz"
  "version" "2.6.12"

"debug@^4.3.4":
  "integrity" "sha512-PRWFHuSU3eDtQJPvnNY7Jcket1j0t5OuOsFzPPzsekD52Zl8qUfFIPEiswXqIvHWGVHOgX+7G/vCNNhehwxfkQ=="
  "resolved" "https://registry.npmjs.org/debug/-/debug-4.3.4.tgz"
  "version" "4.3.4"
  dependencies:
    "ms" "2.1.2"

"deep-equal@^1.0.1":
  "integrity" "sha512-yd9c5AdiqVcR+JjcwUQb9DkhJc8ngNr0MahEBGvDiJw8puWab2yZlh+nkasOnZP+EGTAP6rRp2JzJhJZzvNF8g=="
  "resolved" "https://registry.npmjs.org/deep-equal/-/deep-equal-1.1.1.tgz"
  "version" "1.1.1"
  dependencies:
    "is-arguments" "^1.0.4"
    "is-date-object" "^1.0.1"
    "is-regex" "^1.0.4"
    "object-is" "^1.0.1"
    "object-keys" "^1.1.1"
    "regexp.prototype.flags" "^1.2.0"

"deepmerge@^4.2.0":
  "integrity" "sha512-3sUqbMEc77XqpdNO7FRyRog+eW3ph+GYCbj+rK+uYyRMuwsVy0rMiVtPn+QJlKFvWP/1PYpapqYn0Me2knFn+A=="
  "resolved" "https://registry.npmjs.org/deepmerge/-/deepmerge-4.3.1.tgz"
  "version" "4.3.1"

"define-data-property@^1.0.1":
  "integrity" "sha512-E7uGkTzkk1d0ByLeSc6ZsFS79Axg+m1P/VsgYsxHgiuc3tFSj+MjMIwe90FC4lOAZzNBdY7kkO2P2wKdsQ1vgQ=="
  "resolved" "https://registry.npmjs.org/define-data-property/-/define-data-property-1.1.1.tgz"
  "version" "1.1.1"
  dependencies:
    "get-intrinsic" "^1.2.1"
    "gopd" "^1.0.1"
    "has-property-descriptors" "^1.0.0"

"define-properties@^1.1.3", "define-properties@^1.2.0":
  "integrity" "sha512-8QmQKqEASLd5nx0U1B1okLElbUuuttJ/AnYmRXbbbGDWh6uS208EjD4Xqq/I9wK7u0v6O08XhTWnt5XtEbR6Dg=="
  "resolved" "https://registry.npmjs.org/define-properties/-/define-properties-1.2.1.tgz"
  "version" "1.2.1"
  dependencies:
    "define-data-property" "^1.0.1"
    "has-property-descriptors" "^1.0.0"
    "object-keys" "^1.1.1"

"domino@^2.1.6":
  "integrity" "sha512-3VdM/SXBZX2omc9JF9nOPCtDaYQ67BGp5CoLpIQlO2KCAPETs8TcDHacF26jXadGbvUteZzRTeos2fhID5+ucQ=="
  "resolved" "https://registry.npmjs.org/domino/-/domino-2.1.6.tgz"
  "version" "2.1.6"

"driver.js@^0.9.8":
  "integrity" "sha512-bczjyKdX6XmFyCDkwtRmlaORDwfBk1xXmRO0CAe5VwNQTM98aWaG2LAIiIdTe53iV/B7W5lXlIy2xYtf0JRb7Q=="
  "resolved" "https://registry.npmjs.org/driver.js/-/driver.js-0.9.8.tgz"
  "version" "0.9.8"

"eventemitter3@^2.0.3":
  "integrity" "sha512-jLN68Dx5kyFHaePoXWPsCGW5qdyZQtLYHkxkg02/Mz6g0kYpDx4FyP6XfArhQdlOC4b8Mv+EMxPo/8La7Tzghg=="
  "resolved" "https://registry.npmjs.org/eventemitter3/-/eventemitter3-2.0.3.tgz"
  "version" "2.0.3"

"extend@^3.0.2":
  "integrity" "sha512-fjquC59cD7CyW6urNXK0FBufkZcoiGG80wTuPujX590cB5Ttln20E2UB4S/WARVqhXffZl2LNgS+gQdPIIim/g=="
  "resolved" "https://registry.npmjs.org/extend/-/extend-3.0.2.tgz"
  "version" "3.0.2"

"fast-diff@1.1.2":
  "integrity" "sha512-KaJUt+M9t1qaIteSvjc6P3RbMdXsNhK61GRftR6SNxqmhthcd9MGIi4T+o0jD8LUSpSnSKXE20nLtJ3fOHxQig=="
  "resolved" "https://registry.npmjs.org/fast-diff/-/fast-diff-1.1.2.tgz"
  "version" "1.1.2"

"function-bind@^1.1.1":
  "integrity" "sha512-7XHNxH7qX9xG5mIwxkhumTox/MIRNcOgDrxWsMt2pAr23WHp6MrRlN7FBSFpCpr+oVO0F744iUgR82nJMfG2SA=="
  "resolved" "https://registry.npmjs.org/function-bind/-/function-bind-1.1.2.tgz"
  "version" "1.1.2"

"functions-have-names@^1.2.3":
  "integrity" "sha512-xckBUXyTIqT97tq2x2AMb+g163b5JFysYk0x4qxNFwbfQkmNZoiRHb6sPzI9/QV33WeuvVYBUIiD4NzNIyqaRQ=="
  "resolved" "https://registry.npmjs.org/functions-have-names/-/functions-have-names-1.2.3.tgz"
  "version" "1.2.3"

"gcc@^1.0.2":
  "integrity" "sha512-Hici6u9iQBJnQb1VPGveyvSKMHktPjwgp/RZgtWTxqGTCA0ILaV+ySoClgvhWrzAjPxyl8UU/iapcD5Z3TPhlQ=="
  "resolved" "https://registry.npmjs.org/gcc/-/gcc-1.0.2.tgz"
  "version" "1.0.2"

"get-intrinsic@^1.0.2", "get-intrinsic@^1.1.1", "get-intrinsic@^1.1.3", "get-intrinsic@^1.2.1":
  "integrity" "sha512-2DcsyfABl+gVHEfCOaTrWgyt+tb6MSEGmKq+kI5HwLbIYgjgmMcV8KQ41uaKz1xxUcn9tJtgFbQUEVcEbd0FYw=="
  "resolved" "https://registry.npmjs.org/get-intrinsic/-/get-intrinsic-1.2.1.tgz"
  "version" "1.2.1"
  dependencies:
    "function-bind" "^1.1.1"
    "has" "^1.0.3"
    "has-proto" "^1.0.1"
    "has-symbols" "^1.0.3"

"get-youtube-id@^1.0.0":
  "integrity" "sha512-5yidLzoLXbtw82a/Wb7LrajkGn29BM6JuLWeHyNfzOGp1weGyW4+7eMz6cP23+etqj27VlOFtq8fFFDMLq/FXQ=="
  "resolved" "https://registry.npmjs.org/get-youtube-id/-/get-youtube-id-1.0.1.tgz"
  "version" "1.0.1"

"glib-web@^2.6.12":
  "integrity" "sha512-8+rgJIe3DHq14a0IBtAUk65C1RVvP8cy5xt1nY18+4aWVWGlW5MMtpwNEwB5bI1J7ap4y1eyoyTgVItSH325iw=="
  "resolved" "https://registry.npmjs.org/glib-web/-/glib-web-2.6.12.tgz"
  "version" "2.6.12"
  dependencies:
    "@fortawesome/fontawesome-free" "^5.0.0"
    "@mdi/font" "^4.5.95"
    "@rails/actioncable" "^6.0.0"
    "@rails/activestorage" "^6.0.0-alpha"
    "awesome-phonenumber" "2.15.0"
    "chart.js" "^2.8.0"
    "chartjs-plugin-annotation" "^0.5.7"
    "driver.js" "^0.9.8"
    "json-logic-js" "^2.0.0"
    "marked" "^4.0.0"
    "phoenix" "^1.5.3"
    "push.js" "^1.0.12"
    "quill-image-drop-and-paste" "^1.2.14"
    "turndown" "^7.1.1"
    "turndown-plugin-gfm" "^1.0.2"
    "vue" "2.6.14"
    "vue-chartkick" "^0.6.1"
    "vue-gtag" "^1.1.2"
    "vue-social-sharing" "^3.0.9"
    "vue-youtube" "^1.4.0"
    "vue2-editor" "^2.9.1"
    "vue2-gmap-custom-marker" "^6.1.1"
    "vue2-google-maps" "^0.10.6"
    "vuedraggable" "^2.24.1"
    "vuetify" "2.3.9"

"gmap-vue@^1.5.0":
  "integrity" "sha512-WE0VnSM1EsaTFVsnq53WGnre9cP1Q9DPCr0IiPmaoqsQioAKtTNBNyomrEvg0NIsVuxrdC2qvbgZPXCa8v/mBA=="
  "resolved" "https://registry.npmjs.org/gmap-vue/-/gmap-vue-1.5.0.tgz"
  "version" "1.5.0"
  dependencies:
    "@google/markerclustererplus" "^5.1.0"

"gopd@^1.0.1":
  "integrity" "sha512-d65bNlIadxvpb/A2abVdlqKqV563juRnZ1Wtk6s1sIR8uNsXR70xqIzVqxVf1eTqDunwT2MkczEeaezCKTZhwA=="
  "resolved" "https://registry.npmjs.org/gopd/-/gopd-1.0.1.tgz"
  "version" "1.0.1"
  dependencies:
    "get-intrinsic" "^1.1.3"

"has-property-descriptors@^1.0.0":
  "integrity" "sha512-62DVLZGoiEBDHQyqG4w9xCuZ7eJEwNmJRWw2VY84Oedb7WFcA27fiEVe8oUQx9hAUJ4ekurquucTGwsyO1XGdQ=="
  "resolved" "https://registry.npmjs.org/has-property-descriptors/-/has-property-descriptors-1.0.0.tgz"
  "version" "1.0.0"
  dependencies:
    "get-intrinsic" "^1.1.1"

"has-proto@^1.0.1":
  "integrity" "sha512-7qE+iP+O+bgF9clE5+UoBFzE65mlBiVj3tKCrlNQ0Ogwm0BjpT/gK4SlLYDMybDh5I3TCTKnPPa0oMG7JDYrhg=="
  "resolved" "https://registry.npmjs.org/has-proto/-/has-proto-1.0.1.tgz"
  "version" "1.0.1"

"has-symbols@^1.0.2", "has-symbols@^1.0.3":
  "integrity" "sha512-l3LCuF6MgDNwTDKkdYGEihYjt5pRPbEg46rtlmnSPlUbgmB8LOIrKJbYYFBSbnPaJexMKtiPO8hmeRjRz2Td+A=="
  "resolved" "https://registry.npmjs.org/has-symbols/-/has-symbols-1.0.3.tgz"
  "version" "1.0.3"

"has-tostringtag@^1.0.0":
  "integrity" "sha512-kFjcSNhnlGV1kyoGk7OXKSawH5JOb/LzUc5w9B02hOTO0dfFRjbHQKvg1d6cf3HbeUmtU9VbbV3qzZ2Teh97WQ=="
  "resolved" "https://registry.npmjs.org/has-tostringtag/-/has-tostringtag-1.0.0.tgz"
  "version" "1.0.0"
  dependencies:
    "has-symbols" "^1.0.2"

"has@^1.0.3":
  "integrity" "sha512-qdSAmqLF6209RFj4VVItywPMbm3vWylknmB3nvNiUIs72xAimcM8nVYxYr7ncvZq5qzk9MKIZR8ijqD/1QuYjQ=="
  "resolved" "https://registry.npmjs.org/has/-/has-1.0.4.tgz"
  "version" "1.0.4"

"is-arguments@^1.0.4":
  "integrity" "sha512-8Q7EARjzEnKpt/PCD7e1cgUS0a6X8u5tdSiMqXhojOdoV9TsMsiO+9VLC5vAmO8N7/GmXn7yjR8qnA6bVAEzfA=="
  "resolved" "https://registry.npmjs.org/is-arguments/-/is-arguments-1.1.1.tgz"
  "version" "1.1.1"
  dependencies:
    "call-bind" "^1.0.2"
    "has-tostringtag" "^1.0.0"

"is-date-object@^1.0.1":
  "integrity" "sha512-9YQaSxsAiSwcvS33MBk3wTCVnWK+HhF8VZR2jRxehM16QcVOdHqPn4VPHmRK4lSr38n9JriurInLcP90xsYNfQ=="
  "resolved" "https://registry.npmjs.org/is-date-object/-/is-date-object-1.0.5.tgz"
  "version" "1.0.5"
  dependencies:
    "has-tostringtag" "^1.0.0"

"is-regex@^1.0.4":
  "integrity" "sha512-kvRdxDsxZjhzUX07ZnLydzS1TU/TJlTUHHY4YLL87e37oUA49DfkLqgy+VjFocowy29cKvcSiu+kIv728jTTVg=="
  "resolved" "https://registry.npmjs.org/is-regex/-/is-regex-1.1.4.tgz"
  "version" "1.1.4"
  dependencies:
    "call-bind" "^1.0.2"
    "has-tostringtag" "^1.0.0"

"json-logic-js@^2.0.0":
  "integrity" "sha512-ZBtBdMJieqQcH7IX/LaBsr5pX+Y5JIW+EhejtM3Ffg2jdN9Iwf+Ht6TbHnvAZ/YtwyuhPaCBlnvzrwVeWdvGDQ=="
  "resolved" "https://registry.npmjs.org/json-logic-js/-/json-logic-js-2.0.2.tgz"
  "version" "2.0.2"

"libc@^1.0.0-b0":
  "integrity" "sha512-Jjg80qv1KrxwdsHV4O7BW+wy4wSpFnjHg+z41HPVB98RWnCwdmcaNytkjOhTVJYIdxn28s1wWBukM6my4EN3OQ=="
  "resolved" "https://registry.npmjs.org/libc/-/libc-1.0.0-b0.tgz"
  "version" "1.0.0-b0"

"load-script@^1.0.0":
  "integrity" "sha512-kPEjMFtZvwL9TaZo0uZ2ml+Ye9HUMmPwbYRJ324qF9tqMejwykJ5ggTyvzmrbBeapCAbk98BSbTeovHEEP1uCA=="
  "resolved" "https://registry.npmjs.org/load-script/-/load-script-1.0.0.tgz"
  "version" "1.0.0"

"marked@^4.0.0":
  "integrity" "sha512-PRsaiG84bK+AMvxziE/lCFss8juXjNaWzVbN5tXAm4XjeaS9NAHhop+PjQxz2A9h8Q4M/xGmzP8vqNwy6JeK0A=="
  "resolved" "https://registry.npmjs.org/marked/-/marked-4.3.0.tgz"
  "version" "4.3.0"

"marker-clusterer-plus@^2.1.4":
  "integrity" "sha512-4WLZnYCkgsUfSC0pftldd0YrLNupSqVIEdxL979f3sXVMBHTUOF3gDa6cEuOk2z8UGyVGcANiNZgvVc333mrHA=="
  "resolved" "https://registry.npmjs.org/marker-clusterer-plus/-/marker-clusterer-plus-2.1.4.tgz"
  "version" "2.1.4"

"moment@^2.10.2":
  "integrity" "sha512-5LC9SOxjSc2HF6vO2CyuTDNivEdoz2IvyJJGj6X8DJ0eFyfszE0QiEd+iXmBvUP3WHxSjFH/vIsA0EN00cgr8w=="
  "resolved" "https://registry.npmjs.org/moment/-/moment-2.29.4.tgz"
  "version" "2.29.4"

"ms@2.1.2":
  "integrity" "sha512-sGkPx+VjMtmA6MX27oA4FBFELFCZZ4S4XqeGOXCv68tT+jb3vk/RyaKWP0PTKyWtmLSM0b+adUTEvbs1PEaH2w=="
  "resolved" "https://registry.npmjs.org/ms/-/ms-2.1.2.tgz"
  "version" "2.1.2"

"object-is@^1.0.1":
  "integrity" "sha512-3cyDsyHgtmi7I7DfSSI2LDp6SK2lwvtbg0p0R1e0RvTqF5ceGx+K2dfSjm1bKDMVCFEDAQvy+o8c6a7VujOddw=="
  "resolved" "https://registry.npmjs.org/object-is/-/object-is-1.1.5.tgz"
  "version" "1.1.5"
  dependencies:
    "call-bind" "^1.0.2"
    "define-properties" "^1.1.3"

"object-keys@^1.1.1":
  "integrity" "sha512-NuAESUOUMrlIXOfHKzD6bpPu3tYt3xvjNdRIQ+FeT0lNb4K8WR70CaDxhuNguS2XG+GjkyMwOzsN5ZktImfhLA=="
  "resolved" "https://registry.npmjs.org/object-keys/-/object-keys-1.1.1.tgz"
  "version" "1.1.1"

"os-homedir@^1.0.1":
  "integrity" "sha512-B5JU3cabzk8c67mRRd3ECmROafjYMXbuzlwtqdM8IbS8ktlTix8aFGb2bAGKrSRIlnfKwovGUUr72JUPyOb6kQ=="
  "resolved" "https://registry.npmjs.org/os-homedir/-/os-homedir-1.0.2.tgz"
  "version" "1.0.2"

"parchment@^1.1.4":
  "integrity" "sha512-J5FBQt/pM2inLzg4hEWmzQx/8h8D0CiDxaG3vyp9rKrQRSDgBlhjdP5jQGgosEajXPSQouXGHOmVdgo7QmJuOg=="
  "resolved" "https://registry.npmjs.org/parchment/-/parchment-1.1.4.tgz"
  "version" "1.1.4"

"phoenix@^1.5.3":
  "integrity" "sha512-oHBka/WCKVtFHNCCqnVDxiSHQZ0vvV0pU1I4oBmm68rNvGH3lVjdNGLRhK0+c3zcfsrqgpRS2p+Et6N4QAd2LQ=="
  "resolved" "https://registry.npmjs.org/phoenix/-/phoenix-1.7.9.tgz"
  "version" "1.7.9"

"push.js@^1.0.12":
  "integrity" "sha512-Mo/zkrPD58hcbMvC/9WveUPGz0PJ4T5UwQJP6DnMYbyxe7b1xM/9qqmJTMmDcprbZjCtLzf9wWtek7gA8O9QBw=="
  "resolved" "https://registry.npmjs.org/push.js/-/push.js-1.0.12.tgz"
  "version" "1.0.12"

"quill-delta@^3.6.2":
  "integrity" "sha512-wdIGBlcX13tCHOXGMVnnTVFtGRLoP0imqxM696fIPwIf5ODIYUHIvHbZcyvGlZFiFhK5XzDC2lpjbxRhnM05Tg=="
  "resolved" "https://registry.npmjs.org/quill-delta/-/quill-delta-3.6.3.tgz"
  "version" "3.6.3"
  dependencies:
    "deep-equal" "^1.0.1"
    "extend" "^3.0.2"
    "fast-diff" "1.1.2"

"quill-image-drop-and-paste@^1.2.14":
  "integrity" "sha512-hQiPeHxsNzAIX7T5gcjASA5nMNBUoUDr6ZWReb3k32O/jtAZtjDz1JFtk77D5rbJriqTdkbmZrrTuAzUHXR8vg=="
  "resolved" "https://registry.npmjs.org/quill-image-drop-and-paste/-/quill-image-drop-and-paste-1.3.0.tgz"
  "version" "1.3.0"

"quill@^1.3.6":
  "integrity" "sha512-hG/DVzh/TiknWtE6QmWAF/pxoZKYxfe3J/d/+ShUWkDvvkZQVTPeVmUJVu1uE6DDooC4fWTiCLh84ul89oNz5g=="
  "resolved" "https://registry.npmjs.org/quill/-/quill-1.3.7.tgz"
  "version" "1.3.7"
  dependencies:
    "clone" "^2.1.1"
    "deep-equal" "^1.0.1"
    "eventemitter3" "^2.0.3"
    "extend" "^3.0.2"
    "parchment" "^1.1.4"
    "quill-delta" "^3.6.2"

"regenerator-runtime@^0.11.0":
  "integrity" "sha512-MguG95oij0fC3QV3URf4V2SDYGJhJnJGqvIIgdECeODCT98wSWDAJ94SSuVpYQUoTcGUIL6L4yNB7j1DFFHSBg=="
  "resolved" "https://registry.npmjs.org/regenerator-runtime/-/regenerator-runtime-0.11.1.tgz"
  "version" "0.11.1"

"regexp.prototype.flags@^1.2.0":
  "integrity" "sha512-sy6TXMN+hnP/wMy+ISxg3krXx7BAtWVO4UouuCN/ziM9UEne0euamVNafDfvC83bRNr95y0V5iijeDQFUNpvrg=="
  "resolved" "https://registry.npmjs.org/regexp.prototype.flags/-/regexp.prototype.flags-1.5.1.tgz"
  "version" "1.5.1"
  dependencies:
    "call-bind" "^1.0.2"
    "define-properties" "^1.2.0"
    "set-function-name" "^2.0.0"

"set-function-name@^2.0.0":
  "integrity" "sha512-tMNCiqYVkXIZgc2Hnoy2IvC/f8ezc5koaRFkCjrpWzGpCd3qbZXPzVy9MAZzK1ch/X0jvSkojys3oqJN0qCmdA=="
  "resolved" "https://registry.npmjs.org/set-function-name/-/set-function-name-2.0.1.tgz"
  "version" "2.0.1"
  dependencies:
    "define-data-property" "^1.0.1"
    "functions-have-names" "^1.2.3"
    "has-property-descriptors" "^1.0.0"

"sister@^3.0.0":
  "integrity" "sha512-p19rtTs+NksBRKW9qn0UhZ8/TUI9BPw9lmtHny+Y3TinWlOa9jWh9xB0AtPSdmOy49NJJJSSe0Ey4C7h0TrcYA=="
  "resolved" "https://registry.npmjs.org/sister/-/sister-3.0.2.tgz"
  "version" "3.0.2"

"sortablejs@1.10.2":
  "integrity" "sha512-YkPGufevysvfwn5rfdlGyrGjt7/CRHwvRPogD/lC+TnvcN29jDpCifKP+rBqf+LRldfXSTh+0CGLcSg0VIxq3A=="
  "resolved" "https://registry.npmjs.org/sortablejs/-/sortablejs-1.10.2.tgz"
  "version" "1.10.2"

"spark-md5@^3.0.0":
  "integrity" "sha512-wcFzz9cDfbuqe0FZzfi2or1sgyIrsDwmPwfZC4hiNidPdPINjeUwNfv5kldczoEAcjl9Y1L3SM7Uz2PUEQzxQw=="
  "resolved" "https://registry.npmjs.org/spark-md5/-/spark-md5-3.0.2.tgz"
  "version" "3.0.2"

"turndown-plugin-gfm@^1.0.2":
  "integrity" "sha512-vwz9tfvF7XN/jE0dGoBei3FXWuvll78ohzCZQuOb+ZjWrs3a0XhQVomJEb2Qh4VHTPNRO4GPZh0V7VRbiWwkRg=="
  "resolved" "https://registry.npmjs.org/turndown-plugin-gfm/-/turndown-plugin-gfm-1.0.2.tgz"
  "version" "1.0.2"

"turndown@^7.1.1":
  "integrity" "sha512-ntI9R7fcUKjqBP6QU8rBK2Ehyt8LAzt3UBT9JR9tgo6GtuKvyUzpayWmeMKJw1DPdXzktvtIT8m2mVXz+bL/Qg=="
  "resolved" "https://registry.npmjs.org/turndown/-/turndown-7.1.2.tgz"
  "version" "7.1.2"
  dependencies:
    "domino" "^2.1.6"

"vue-chartkick@^0.6.1":
  "integrity" "sha512-upUJKnx3irrRiMWudCkEVRpFvfy1hiVDKqv1e11Ap0qcFYCHJ231+SRDmQPcCypnKhfwc/Tm6REvsHkqRfc+Zg=="
  "resolved" "https://registry.npmjs.org/vue-chartkick/-/vue-chartkick-0.6.1.tgz"
  "version" "0.6.1"
  dependencies:
    "chartkick" "^3.2.0"
    "deep-equal" "^1.0.1"
    "deepmerge" "^4.2.0"

"vue-gtag@^1.1.2":
  "integrity" "sha512-5vs0pSGxdqrfXqN1Qwt0ZFXG0iTYjRMu/saddc7QIC5yp+DKgjWQRpGYVa7Pq+KbThxwzzMfo0sGi7ISa6NowA=="
  "resolved" "https://registry.npmjs.org/vue-gtag/-/vue-gtag-1.16.1.tgz"
  "version" "1.16.1"

"vue-social-sharing@^3.0.9":
  "integrity" "sha512-Yg4oz5cSkr7ieMAgumwoRLnFhAaoUGCsN8lZE9yUkuQzbKid8yBOn4mLjfx/DA/E8nxYjunAfIUFs7eKIkBjPA=="
  "resolved" "https://registry.npmjs.org/vue-social-sharing/-/vue-social-sharing-3.0.9.tgz"
  "version" "3.0.9"

"vue-youtube@^1.4.0":
  "integrity" "sha512-PCyfGAouSt6rTX0GLUzpdX2XC52zYf7a9mUhdp53jeDlPoU40hpsvyV3Zg2+947pvbv27ORcmtzm2fqO08kh9Q=="
  "resolved" "https://registry.npmjs.org/vue-youtube/-/vue-youtube-1.4.0.tgz"
  "version" "1.4.0"
  dependencies:
    "get-youtube-id" "^1.0.0"
    "youtube-player" "^5.4.0"

"vue@^2.0.0", "vue@^2.3.0", "vue@^2.6.10", "vue@^2.6.11", "vue@^2.6.4", "vue@^2.x", "vue@>=2.0.0", "vue@2.6.14":
  "integrity" "sha512-x2284lgYvjOMj3Za7kqzRcUSxBboHqtgRE2zlos1qWaOye5yUmHn42LB1250NJBLRwEcdrB0JRwyPTEPhfQjiQ=="
  "resolved" "https://registry.npmjs.org/vue/-/vue-2.6.14.tgz"
  "version" "2.6.14"

"vue2-editor@^2.9.1":
  "integrity" "sha512-99rWL93xfGeFRrq8NY5L7U+Cog/Uenx+UOOJragtxtbhBE9Rv5/C3P/YhJhjMECSbQyHFjUriqv1S3mghvU9Kg=="
  "resolved" "https://registry.npmjs.org/vue2-editor/-/vue2-editor-2.10.3.tgz"
  "version" "2.10.3"
  dependencies:
    "quill" "^1.3.6"

"vue2-gmap-custom-marker@^6.1.1":
  "integrity" "sha512-DRAbw3k29z0EWSQ/+47Qz9+9+qRgY1bNYG9nmRm8rWy6U6ZkmMh5OASQWN9mddS4wZEGx3+wMIUbKvkqVA8Fig=="
  "resolved" "https://registry.npmjs.org/vue2-gmap-custom-marker/-/vue2-gmap-custom-marker-6.1.1.tgz"
  "version" "6.1.1"
  dependencies:
    "gmap-vue" "^1.5.0"
    "vue" "^2.x"

"vue2-google-maps@^0.10.6":
  "integrity" "sha512-y5aBJTAsfGvpsbfgPaeWU7o7QbOeINZKsP6SB9qrBe8U8EYBFO/bTWo3rcMq/NOtgT/XssV3Nwg/2u3no6jWbw=="
  "resolved" "https://registry.npmjs.org/vue2-google-maps/-/vue2-google-maps-0.10.7.tgz"
  "version" "0.10.7"
  dependencies:
    "babel-runtime" "^6.26.0"
    "marker-clusterer-plus" "^2.1.4"

"vuedraggable@^2.24.1":
  "integrity" "sha512-6/HDXi92GzB+Hcs9fC6PAAozK1RLt1ewPTLjK0anTYguXLAeySDmcnqE8IC0xa7shvSzRjQXq3/+dsZ7ETGF3g=="
  "resolved" "https://registry.npmjs.org/vuedraggable/-/vuedraggable-2.24.3.tgz"
  "version" "2.24.3"
  dependencies:
    "sortablejs" "1.10.2"

"vuetify@2.3.9":
  "integrity" "sha512-E5K9flTvS21tCkHgqDBMl0BY/Rld4SLUaJpQ+sQdL8/2uPcWmWLrdumn4SI8LBFojE0UP1GSaH4zKuxLL36fYg=="
  "resolved" "https://registry.npmjs.org/vuetify/-/vuetify-2.3.9.tgz"
  "version" "2.3.9"

"x11@^2.3.0":
  "integrity" "sha512-Ep4DbqZkVHvZNVht+vvELcfdpGKnfh2kZuKdXqyZdtJx3UdvgUGrMQ9lwPNV33tDs86MF4YagC6+E2fZXikF6A=="
  "resolved" "https://registry.npmjs.org/x11/-/x11-2.3.0.tgz"
  "version" "2.3.0"
  dependencies:
    "os-homedir" "^1.0.1"

"xcursor@^1.1.7":
  "integrity" "sha512-7ONOVTbLHM/S4l22H+7foG+dqgVJyNXdckG7PStZc6QXWZo8BRu8ysTaVKr6jEueQfFagzBV76UUJdX/HIVk9Q=="
  "resolved" "https://registry.npmjs.org/xcursor/-/xcursor-1.1.7.tgz"
  "version" "1.1.7"

"youtube-player@^5.4.0":
  "integrity" "sha512-x95fBbxV7eZ1ZsFtMLMcSGX0Jb/GPPj69RsooyEDVa9bzvvNZ4d5VjnBVBYoY85008VefkLvtaV+b+l38R/LMQ=="
  "resolved" "https://registry.npmjs.org/youtube-player/-/youtube-player-5.6.0.tgz"
  "version" "5.6.0"
  dependencies:
    "debug" "^4.3.4"
    "load-script" "^1.0.0"
    "sister" "^3.0.0"
